
Microsoft Visual Studio Solution File, Format Version 12.00
# Visual Studio Version 16
VisualStudioVersion = 16.0.29306.81
MinimumVisualStudioVersion = 10.0.40219.1
Project("{9A19103F-16F7-4668-BE54-9A1E7A4F7556}") = "TCP.Net462", "TCP\TCP.Net462.csproj", "{D130F530-95E4-4B31-A339-471CB2A3D90F}"
EndProject
Project("{FAE04EC0-301F-11D3-BF4B-00C04F79EFBC}") = "Test", "Test\Test.csproj", "{B53626A2-A549-47F9-9C1B-16311C45A057}"
EndProject
Global
	GlobalSection(SolutionConfigurationPlatforms) = preSolution
		Debug|Any CPU = Debug|Any CPU
		Deploy|Any CPU = Deploy|Any CPU
		Release|Any CPU = Release|Any CPU
	EndGlobalSection
	GlobalSection(ProjectConfigurationPlatforms) = postSolution
		{D130F530-95E4-4B31-A339-471CB2A3D90F}.Debug|Any CPU.ActiveCfg = Debug|Any CPU
		{D130F530-95E4-4B31-A339-471CB2A3D90F}.Debug|Any CPU.Build.0 = Debug|Any CPU
		{D130F530-95E4-4B31-A339-471CB2A3D90F}.Deploy|Any CPU.ActiveCfg = Debug|Any CPU
		{D130F530-95E4-4B31-A339-471CB2A3D90F}.Deploy|Any CPU.Build.0 = Debug|Any CPU
		{D130F530-95E4-4B31-A339-471CB2A3D90F}.Release|Any CPU.ActiveCfg = Release|Any CPU
		{D130F530-95E4-4B31-A339-471CB2A3D90F}.Release|Any CPU.Build.0 = Release|Any CPU
		{B53626A2-A549-47F9-9C1B-16311C45A057}.Debug|Any CPU.ActiveCfg = Debug|Any CPU
		{B53626A2-A549-47F9-9C1B-16311C45A057}.Debug|Any CPU.Build.0 = Debug|Any CPU
		{B53626A2-A549-47F9-9C1B-16311C45A057}.Deploy|Any CPU.ActiveCfg = Debug|Any CPU
		{B53626A2-A549-47F9-9C1B-16311C45A057}.Deploy|Any CPU.Build.0 = Debug|Any CPU
		{B53626A2-A549-47F9-9C1B-16311C45A057}.Release|Any CPU.ActiveCfg = Release|Any CPU
		{B53626A2-A549-47F9-9C1B-16311C45A057}.Release|Any CPU.Build.0 = Release|Any CPU
	EndGlobalSection
	GlobalSection(SolutionProperties) = preSolution
		HideSolutionNode = FALSE
	EndGlobalSection
	GlobalSection(ExtensibilityGlobals) = postSolution
		SolutionGuid = {50C25F98-4FD3-428E-9E5B-73713E2DA9AB}
	EndGlobalSection
EndGlobal
